{
    "_readme": [
        "This file locks the dependencies of your project to a known state",
        "Read more about it at https://getcomposer.org/doc/01-basic-usage.md#composer-lock-the-lock-file",
        "This file is @generated automatically"
    ],
    "content-hash": "b680657cbc084b3eac16a1085f8d039c",
    "packages": [
        {
            "name": "container-interop/container-interop",
            "version": "1.2.0",
            "source": {
                "type": "git",
                "url": "https://github.com/container-interop/container-interop.git",
                "reference": "79cbf1341c22ec75643d841642dd5d6acd83bdb8"
            },
            "dist": {
                "type": "zip",
                "url": "https://api.github.com/repos/container-interop/container-interop/zipball/79cbf1341c22ec75643d841642dd5d6acd83bdb8",
                "reference": "79cbf1341c22ec75643d841642dd5d6acd83bdb8",
                "shasum": ""
            },
            "require": {
                "psr/container": "^1.0"
            },
            "type": "library",
            "autoload": {
                "psr-4": {
                    "Interop\\Container\\": "src/Interop/Container/"
                }
            },
            "notification-url": "https://packagist.org/downloads/",
            "license": [
                "MIT"
            ],
            "description": "Promoting the interoperability of container objects (DIC, SL, etc.)",
            "homepage": "https://github.com/container-interop/container-interop",
            "time": "2017-02-14T19:40:03+00:00"
        },
        {
            "name": "egeloen/http-adapter",
            "version": "0.8.0",
            "source": {
                "type": "git",
                "url": "https://github.com/egeloen/ivory-http-adapter.git",
                "reference": "9641f11487ec26b24c6bbcee4f267cf62f60b855"
            },
            "dist": {
                "type": "zip",
                "url": "https://api.github.com/repos/egeloen/ivory-http-adapter/zipball/9641f11487ec26b24c6bbcee4f267cf62f60b855",
                "reference": "9641f11487ec26b24c6bbcee4f267cf62f60b855",
                "shasum": ""
            },
            "require": {
                "php": ">=5.4.8",
                "zendframework/zend-diactoros": "^1.1"
            },
            "require-dev": {
                "cakephp/cakephp": "^3.0.3",
                "ext-curl": "*",
                "guzzle/guzzle": "^3.9.4@dev",
                "guzzlehttp/guzzle": "^4.1.4|^5.0|^6.0",
                "kriswallsmith/buzz": "^0.13",
                "nategood/httpful": "^0.2.17",
                "phpunit/phpunit": "^4.0",
                "phpunit/phpunit-mock-objects": "dev-matcher-verify as 2.3.x-dev",
                "psr/log": "^1.0",
                "react/dns": "^0.4.1",
                "react/http-client": "^0.4",
                "satooshi/php-coveralls": "^0.6",
                "symfony/event-dispatcher": "^2.0",
                "zendframework/zend-http": "^2.3.4",
                "zendframework/zendframework1": ">=1.12.9,<=1.12.14|^1.12.16"
            },
            "suggest": {
                "ext-curl": "Allows you to use the cURL adapter",
                "ext-http": "Allows you to use the PECL adapter",
                "guzzle/guzzle": "Allows you to use the Guzzle 3 adapter",
                "guzzlehttp/guzzle": "Allows you to use the Guzzle 4 adapter",
                "kriswallsmith/buzz": "Allows you to use the Buzz adapter",
                "nategood/httpful": "Allows you to use the httpful adapter",
                "psr/log": "Allows you to use the logger event subscriber",
                "symfony/event-dispatcher": "Allows you to use the event lifecycle",
                "symfony/stopwatch": "Allows you to use the stopwatch http adapter and event subscriber",
                "zendframework/zend-http": "Allows you to use the Zend 2 adapter",
                "zendframework/zendframework1": "Allows you to use the Zend 1 adapter"
            },
            "type": "library",
            "extra": {
                "branch-alias": {
                    "dev-master": "0.8-dev"
                }
            },
            "autoload": {
                "psr-4": {
                    "Ivory\\HttpAdapter\\": "src/"
                }
            },
            "notification-url": "https://packagist.org/downloads/",
            "license": [
                "MIT"
            ],
            "authors": [
                {
                    "name": "Eric GELOEN",
                    "email": "geloen.eric@gmail.com"
                }
            ],
            "description": "Issue HTTP request for PHP 5.3+.",
            "keywords": [
                "http",
                "http-adapter",
                "http-client",
                "psr-7"
            ],
            "abandoned": "php-http/httplug",
            "time": "2015-08-12T09:35:40+00:00"
        },
        {
            "name": "http-interop/http-middleware",
            "version": "0.4.1",
            "source": {
                "type": "git",
                "url": "https://github.com/http-interop/http-middleware.git",
                "reference": "9a801fe60e70d5d608b61d56b2dcde29516c81b9"
            },
            "dist": {
                "type": "zip",
                "url": "https://api.github.com/repos/http-interop/http-middleware/zipball/9a801fe60e70d5d608b61d56b2dcde29516c81b9",
                "reference": "9a801fe60e70d5d608b61d56b2dcde29516c81b9",
                "shasum": ""
            },
            "require": {
                "php": ">=5.3.0",
                "psr/http-message": "^1.0"
            },
            "type": "library",
            "extra": {
                "branch-alias": {
                    "dev-master": "1.0.x-dev"
                }
            },
            "autoload": {
                "psr-4": {
                    "Interop\\Http\\ServerMiddleware\\": "src/"
                }
            },
            "notification-url": "https://packagist.org/downloads/",
            "license": [
                "MIT"
            ],
            "authors": [
                {
                    "name": "PHP-FIG",
                    "homepage": "http://www.php-fig.org/"
                }
            ],
            "description": "Common interface for HTTP server-side middleware",
            "keywords": [
                "factory",
                "http",
                "middleware",
                "psr",
                "psr-17",
                "psr-7",
                "request",
                "response"
            ],
            "time": "2017-01-14T15:23:42+00:00"
        },
        {
            "name": "igorw/get-in",
            "version": "v1.0.3",
            "source": {
                "type": "git",
                "url": "https://github.com/igorw/get-in.git",
                "reference": "170ded831f49abc6a6061f655aba9bdbcf7b8111"
            },
            "dist": {
                "type": "zip",
                "url": "https://api.github.com/repos/igorw/get-in/zipball/170ded831f49abc6a6061f655aba9bdbcf7b8111",
                "reference": "170ded831f49abc6a6061f655aba9bdbcf7b8111",
                "shasum": ""
            },
            "require": {
                "php": ">=5.4"
            },
            "type": "library",
            "extra": {
                "branch-alias": {
                    "dev-master": "1.0-dev"
                }
            },
            "autoload": {
                "files": [
                    "src/get_in.php"
                ]
            },
            "notification-url": "https://packagist.org/downloads/",
            "license": [
                "MIT"
            ],
            "authors": [
                {
                    "name": "Igor Wiedler",
                    "email": "igor@wiedler.ch"
                }
            ],
            "description": "Functions for for hash map (assoc array) traversal.",
            "keywords": [
                "assoc-array",
                "hash-map"
            ],
            "time": "2014-12-15T23:03:51+00:00"
        },
        {
            "name": "middlewares/geolocation",
            "version": "v0.3.0",
            "source": {
                "type": "git",
                "url": "https://github.com/middlewares/geolocation.git",
                "reference": "6dc17781030c7ed92a217b16ae7b0188722146cd"
            },
            "dist": {
                "type": "zip",
                "url": "https://api.github.com/repos/middlewares/geolocation/zipball/6dc17781030c7ed92a217b16ae7b0188722146cd",
                "reference": "6dc17781030c7ed92a217b16ae7b0188722146cd",
                "shasum": ""
            },
            "require": {
                "http-interop/http-middleware": "^0.4",
                "php": "^5.6 || ^7.0",
                "willdurand/geocoder": "^3.3"
            },
            "require-dev": {
                "friendsofphp/php-cs-fixer": "^2.0",
                "middlewares/utils": "~0.8",
                "phpunit/phpunit": "^5.5",
                "squizlabs/php_codesniffer": "^2.7",
                "zendframework/zend-diactoros": "^1.3"
            },
            "type": "library",
            "autoload": {
                "psr-4": {
                    "Middlewares\\": "src/"
                }
            },
            "notification-url": "https://packagist.org/downloads/",
            "license": [
                "MIT"
            ],
            "description": "Middleware to geolocate the client using the ip address",
            "homepage": "https://github.com/middlewares/geolocation",
            "keywords": [
                "IP",
                "geocode",
                "geolocation",
                "http",
                "middleware",
                "psr-15",
                "psr-7",
                "server"
            ],
            "time": "2016-12-26T09:58:46+00:00"
        },
        {
            "name": "nikic/fast-route",
            "version": "v1.2.0",
            "source": {
                "type": "git",
                "url": "https://github.com/nikic/FastRoute.git",
                "reference": "b5f95749071c82a8e0f58586987627054400cdf6"
            },
            "dist": {
                "type": "zip",
                "url": "https://api.github.com/repos/nikic/FastRoute/zipball/b5f95749071c82a8e0f58586987627054400cdf6",
                "reference": "b5f95749071c82a8e0f58586987627054400cdf6",
                "shasum": ""
            },
            "require": {
                "php": ">=5.4.0"
            },
            "type": "library",
            "autoload": {
                "psr-4": {
                    "FastRoute\\": "src/"
                },
                "files": [
                    "src/functions.php"
                ]
            },
            "notification-url": "https://packagist.org/downloads/",
            "license": [
                "BSD-3-Clause"
            ],
            "authors": [
                {
                    "name": "Nikita Popov",
                    "email": "nikic@php.net"
                }
            ],
            "description": "Fast request router for PHP",
            "keywords": [
                "router",
                "routing"
            ],
            "time": "2017-01-19T11:35:12+00:00"
        },
        {
            "name": "pimple/pimple",
            "version": "v3.0.2",
            "source": {
                "type": "git",
                "url": "https://github.com/silexphp/Pimple.git",
                "reference": "a30f7d6e57565a2e1a316e1baf2a483f788b258a"
            },
            "dist": {
                "type": "zip",
                "url": "https://api.github.com/repos/silexphp/Pimple/zipball/a30f7d6e57565a2e1a316e1baf2a483f788b258a",
                "reference": "a30f7d6e57565a2e1a316e1baf2a483f788b258a",
                "shasum": ""
            },
            "require": {
                "php": ">=5.3.0"
            },
            "type": "library",
            "extra": {
                "branch-alias": {
                    "dev-master": "3.0.x-dev"
                }
            },
            "autoload": {
                "psr-0": {
                    "Pimple": "src/"
                }
            },
            "notification-url": "https://packagist.org/downloads/",
            "license": [
                "MIT"
            ],
            "authors": [
                {
                    "name": "Fabien Potencier",
                    "email": "fabien@symfony.com"
                }
            ],
            "description": "Pimple, a simple Dependency Injection Container",
            "homepage": "http://pimple.sensiolabs.org",
            "keywords": [
                "container",
                "dependency injection"
            ],
            "time": "2015-09-11T15:10:35+00:00"
        },
        {
            "name": "psr/container",
            "version": "1.0.0",
            "source": {
                "type": "git",
                "url": "https://github.com/php-fig/container.git",
                "reference": "b7ce3b176482dbbc1245ebf52b181af44c2cf55f"
            },
            "dist": {
                "type": "zip",
                "url": "https://api.github.com/repos/php-fig/container/zipball/b7ce3b176482dbbc1245ebf52b181af44c2cf55f",
                "reference": "b7ce3b176482dbbc1245ebf52b181af44c2cf55f",
                "shasum": ""
            },
            "require": {
                "php": ">=5.3.0"
            },
            "type": "library",
            "extra": {
                "branch-alias": {
                    "dev-master": "1.0.x-dev"
                }
            },
            "autoload": {
                "psr-4": {
                    "Psr\\Container\\": "src/"
                }
            },
            "notification-url": "https://packagist.org/downloads/",
            "license": [
                "MIT"
            ],
            "authors": [
                {
                    "name": "PHP-FIG",
                    "homepage": "http://www.php-fig.org/"
                }
            ],
            "description": "Common Container Interface (PHP FIG PSR-11)",
            "homepage": "https://github.com/php-fig/container",
            "keywords": [
                "PSR-11",
                "container",
                "container-interface",
                "container-interop",
                "psr"
            ],
            "time": "2017-02-14T16:28:37+00:00"
        },
        {
            "name": "psr/http-message",
            "version": "1.0.1",
            "source": {
                "type": "git",
                "url": "https://github.com/php-fig/http-message.git",
                "reference": "f6561bf28d520154e4b0ec72be95418abe6d9363"
            },
            "dist": {
                "type": "zip",
                "url": "https://api.github.com/repos/php-fig/http-message/zipball/f6561bf28d520154e4b0ec72be95418abe6d9363",
                "reference": "f6561bf28d520154e4b0ec72be95418abe6d9363",
                "shasum": ""
            },
            "require": {
                "php": ">=5.3.0"
            },
            "type": "library",
            "extra": {
                "branch-alias": {
                    "dev-master": "1.0.x-dev"
                }
            },
            "autoload": {
                "psr-4": {
                    "Psr\\Http\\Message\\": "src/"
                }
            },
            "notification-url": "https://packagist.org/downloads/",
            "license": [
                "MIT"
            ],
            "authors": [
                {
                    "name": "PHP-FIG",
                    "homepage": "http://www.php-fig.org/"
                }
            ],
            "description": "Common interface for HTTP messages",
            "homepage": "https://github.com/php-fig/http-message",
            "keywords": [
                "http",
                "http-message",
                "psr",
                "psr-7",
                "request",
                "response"
            ],
            "time": "2016-08-06T14:39:51+00:00"
        },
        {
            "name": "slim/slim",
            "version": "3.8.1",
            "source": {
                "type": "git",
                "url": "https://github.com/slimphp/Slim.git",
                "reference": "5385302707530b2bccee1769613ad769859b826d"
            },
            "dist": {
                "type": "zip",
                "url": "https://api.github.com/repos/slimphp/Slim/zipball/5385302707530b2bccee1769613ad769859b826d",
                "reference": "5385302707530b2bccee1769613ad769859b826d",
                "shasum": ""
            },
            "require": {
                "container-interop/container-interop": "^1.2",
                "nikic/fast-route": "^1.0",
                "php": ">=5.5.0",
                "pimple/pimple": "^3.0",
                "psr/container": "^1.0",
                "psr/http-message": "^1.0"
            },
            "provide": {
                "psr/http-message-implementation": "1.0"
            },
            "require-dev": {
                "phpunit/phpunit": "^4.0",
                "squizlabs/php_codesniffer": "^2.5"
            },
            "type": "library",
            "autoload": {
                "psr-4": {
                    "Slim\\": "Slim"
                }
            },
            "notification-url": "https://packagist.org/downloads/",
            "license": [
                "MIT"
            ],
            "authors": [
                {
                    "name": "Rob Allen",
                    "email": "rob@akrabat.com",
                    "homepage": "http://akrabat.com"
                },
                {
                    "name": "Josh Lockhart",
                    "email": "hello@joshlockhart.com",
                    "homepage": "https://joshlockhart.com"
                },
                {
                    "name": "Gabriel Manricks",
                    "email": "gmanricks@me.com",
                    "homepage": "http://gabrielmanricks.com"
                },
                {
                    "name": "Andrew Smith",
                    "email": "a.smith@silentworks.co.uk",
                    "homepage": "http://silentworks.co.uk"
                }
            ],
            "description": "Slim is a PHP micro framework that helps you quickly write simple yet powerful web applications and APIs",
            "homepage": "https://slimframework.com",
            "keywords": [
                "api",
                "framework",
                "micro",
                "router"
            ],
            "time": "2017-03-19T17:55:20+00:00"
        },
        {
            "name": "willdurand/geocoder",
            "version": "v3.3.2",
            "source": {
                "type": "git",
                "url": "https://github.com/geocoder-php/php-common.git",
                "reference": "ccc178e2984c0af24881faa0ffe515f20e5e8c23"
            },
            "dist": {
                "type": "zip",
                "url": "https://api.github.com/repos/geocoder-php/php-common/zipball/ccc178e2984c0af24881faa0ffe515f20e5e8c23",
                "reference": "ccc178e2984c0af24881faa0ffe515f20e5e8c23",
                "shasum": ""
            },
            "require": {
                "egeloen/http-adapter": "~0.8",
                "igorw/get-in": "~1.0",
                "php": ">=5.4.0"
            },
            "require-dev": {
                "geoip2/geoip2": "~2.0",
                "symfony/stopwatch": "~2.5"
            },
            "suggest": {
                "ext-geoip": "Enabling the geoip extension allows you to use the MaxMindProvider.",
                "geoip/geoip": "If you are going to use the MaxMindBinaryProvider (conflict with geoip extension).",
                "geoip2/geoip2": "If you are going to use the GeoIP2DatabaseProvider.",
                "symfony/stopwatch": "If you want to use the TimedGeocoder"
            },
            "type": "library",
            "extra": {
                "branch-alias": {
                    "dev-master": "3.3-dev"
                }
            },
            "autoload": {
                "psr-0": {
                    "Geocoder": "src/"
                }
            },
            "notification-url": "https://packagist.org/downloads/",
            "license": [
                "MIT"
            ],
            "authors": [
                {
                    "name": "William Durand",
                    "email": "william.durand1@gmail.com"
                }
            ],
            "description": "The almost missing Geocoder PHP 5.4 library.",
            "homepage": "http://geocoder-php.org",
            "keywords": [
                "abstraction",
                "geocoder",
                "geocoding",
                "geoip"
            ],
            "time": "2015-12-06T20:17:20+00:00"
        },
        {
            "name": "zendframework/zend-diactoros",
            "version": "1.4.0",
            "source": {
                "type": "git",
                "url": "https://github.com/zendframework/zend-diactoros.git",
                "reference": "b03f285a333f51e58c95cce54109a4a9ed691436"
            },
            "dist": {
                "type": "zip",
                "url": "https://api.github.com/repos/zendframework/zend-diactoros/zipball/b03f285a333f51e58c95cce54109a4a9ed691436",
                "reference": "b03f285a333f51e58c95cce54109a4a9ed691436",
                "shasum": ""
            },
            "require": {
                "php": "^5.4 || ^7.0",
                "psr/http-message": "~1.0"
            },
            "provide": {
                "psr/http-message-implementation": "1.0"
            },
            "require-dev": {
                "ext-dom": "*",
                "ext-libxml": "*",
                "phpunit/phpunit": "^4.6 || ^5.5",
                "zendframework/zend-coding-standard": "~1.0.0"
            },
            "type": "library",
            "extra": {
                "branch-alias": {
                    "dev-master": "1.4-dev",
                    "dev-develop": "1.5-dev"
                }
            },
            "autoload": {
                "psr-4": {
                    "Zend\\Diactoros\\": "src/"
                }
            },
            "notification-url": "https://packagist.org/downloads/",
            "license": [
                "BSD-2-Clause"
            ],
            "description": "PSR HTTP Message implementations",
            "homepage": "https://github.com/zendframework/zend-diactoros",
            "keywords": [
                "http",
                "psr",
                "psr-7"
            ],
            "time": "2017-04-06T16:18:34+00:00"
        }
    ],
    "packages-dev": [],
    "aliases": [],
    "minimum-stability": "stable",
    "stability-flags": [],
    "prefer-stable": false,
    "prefer-lowest": false,
    "platform": [],
    "platform-dev": []
}
